
Microsoft Visual Studio Solution File, Format Version 12.00
# Visual Studio Version 17
VisualStudioVersion = 17.6.33815.320
MinimumVisualStudioVersion = 10.0.40219.1
Project("{FAE04EC0-301F-11D3-BF4B-00C04F79EFBC}") = "25", "25\25.csproj", "{091CCE42-3856-442E-B231-5E5FF3E7ACD7}"
EndProject
Global
	GlobalSection(SolutionConfigurationPlatforms) = preSolution
		Debug|Any CPU = Debug|Any CPU
		Release|Any CPU = Release|Any CPU
	EndGlobalSection
	GlobalSection(ProjectConfigurationPlatforms) = postSolution
		{091CCE42-3856-442E-B231-5E5FF3E7ACD7}.Debug|Any CPU.ActiveCfg = Debug|Any CPU
		{091CCE42-3856-442E-B231-5E5FF3E7ACD7}.Debug|Any CPU.Build.0 = Debug|Any CPU
		{091CCE42-3856-442E-B231-5E5FF3E7ACD7}.Release|Any CPU.ActiveCfg = Release|Any CPU
		{091CCE42-3856-442E-B231-5E5FF3E7ACD7}.Release|Any CPU.Build.0 = Release|Any CPU
	EndGlobalSection
	GlobalSection(SolutionProperties) = preSolution
		HideSolutionNode = FALSE
	EndGlobalSection
	GlobalSection(ExtensibilityGlobals) = postSolution
		SolutionGuid = {206076D0-4E1F-46F8-A993-DD6035A2FD59}
	EndGlobalSection
EndGlobal
